
Microsoft Visual Studio Solution File, Format Version 12.00
# Visual Studio Version 16
VisualStudioVersion = 16.0.32602.291
MinimumVisualStudioVersion = 10.0.40219.1
Project("{9A19103F-16F7-4668-BE54-9A1E7A4F7556}") = "Adapter", "Adapter\Adapter.csproj", "{CA8F403B-B3AA-4770-BBD7-35D18CC9D0E7}"
EndProject
Project("{9A19103F-16F7-4668-BE54-9A1E7A4F7556}") = "Singleton", "Singleton\Singleton.csproj", "{24912C4C-DB52-406E-88C8-0E2C37CAD67C}"
EndProject
Project("{9A19103F-16F7-4668-BE54-9A1E7A4F7556}") = "Factory", "Factory\Factory.csproj", "{FDA85D75-D2AE-4F20-B128-3EB1C80AB452}"
EndProject
Project("{9A19103F-16F7-4668-BE54-9A1E7A4F7556}") = "AbstractFactory", "AbstractFactory\AbstractFactory.csproj", "{E3F404FD-0DF1-4FDA-83DA-7037EF7CB9D6}"
EndProject
Project("{9A19103F-16F7-4668-BE54-9A1E7A4F7556}") = "Prototype", "Prototype\Prototype.csproj", "{E5E5E389-659E-4ADC-9006-C90997FA4807}"
EndProject
Project("{9A19103F-16F7-4668-BE54-9A1E7A4F7556}") = "Decorator", "Decorator\Decorator.csproj", "{1E843B24-EDF1-4BF2-8E48-579622842BBF}"
EndProject
Project("{9A19103F-16F7-4668-BE54-9A1E7A4F7556}") = "Builder", "Builder\Builder.csproj", "{D03C38A9-343F-41E2-8965-B7002D0348AB}"
EndProject
Project("{9A19103F-16F7-4668-BE54-9A1E7A4F7556}") = "Command", "Command\Command.csproj", "{49453CD4-37F0-443B-B65A-41C45773C982}"
EndProject
Project("{9A19103F-16F7-4668-BE54-9A1E7A4F7556}") = "Observer", "Observer\Observer.csproj", "{DA3FE146-3C3C-4374-8F09-70B9E4B34FB5}"
EndProject
Project("{9A19103F-16F7-4668-BE54-9A1E7A4F7556}") = "Memento", "Memento\Memento.csproj", "{CA85422F-C8EB-4F86-AF56-62FE892C172D}"
EndProject
Project("{9A19103F-16F7-4668-BE54-9A1E7A4F7556}") = "Proxy", "Proxy\Proxy.csproj", "{F43D03B6-8059-4FE5-AD9A-0BECB70D7E68}"
EndProject
Project("{9A19103F-16F7-4668-BE54-9A1E7A4F7556}") = "Mediator", "Mediator\Mediator.csproj", "{80F4C001-8A52-4CC4-B55A-792C06CE4322}"
EndProject
Project("{9A19103F-16F7-4668-BE54-9A1E7A4F7556}") = "ChainOfResponsability", "ChainOfResponsability\ChainOfResponsability.csproj", "{7C776114-1542-4FB5-AB93-BFA59C173C7D}"
EndProject
Project("{9A19103F-16F7-4668-BE54-9A1E7A4F7556}") = "Visitor", "Visitor\Visitor.csproj", "{E2BDC704-F84B-4451-AE6C-8DD36362CF59}"
EndProject
Project("{9A19103F-16F7-4668-BE54-9A1E7A4F7556}") = "Template", "Template\Template.csproj", "{48EEDF64-47BF-4616-A82C-3DF85A192591}"
EndProject
Project("{9A19103F-16F7-4668-BE54-9A1E7A4F7556}") = "Composite", "Composite\Composite.csproj", "{E8ACC8D5-65BD-449A-9BC2-41B19B3CB626}"
EndProject
Project("{9A19103F-16F7-4668-BE54-9A1E7A4F7556}") = "Bridge", "Bridge\Bridge.csproj", "{7206F760-520D-4189-AE50-34D8525E5D53}"
EndProject
Project("{9A19103F-16F7-4668-BE54-9A1E7A4F7556}") = "Iterator", "Iterator\Iterator.csproj", "{5E119743-A384-4FF4-A419-105EF6049172}"
EndProject
Project("{9A19103F-16F7-4668-BE54-9A1E7A4F7556}") = "Facade", "Facade\Facade.csproj", "{36E16878-A1DF-41BF-A1B7-2CC35B175A98}"
EndProject
Project("{9A19103F-16F7-4668-BE54-9A1E7A4F7556}") = "Flyweight", "Flyweight\Flyweight.csproj", "{0D205DC1-253B-4E6A-A38F-E473E0C7906D}"
EndProject
Project("{9A19103F-16F7-4668-BE54-9A1E7A4F7556}") = "State", "StatePattern\State.csproj", "{4C0E9FF8-1771-407B-8EF7-1F8424C83F1F}"
EndProject
Project("{9A19103F-16F7-4668-BE54-9A1E7A4F7556}") = "Interpreter", "Interpreter\Interpreter.csproj", "{24C61F6D-11A6-456F-B746-F7405AF6B07E}"
EndProject
Project("{9A19103F-16F7-4668-BE54-9A1E7A4F7556}") = "DAO", "DAO\DAO.csproj", "{B8D487E2-B78C-4F61-BE80-C7DD7107CCDC}"
EndProject
Project("{9A19103F-16F7-4668-BE54-9A1E7A4F7556}") = "MVC", "MVC\MVC.csproj", "{F4E4EB38-2CFA-40C3-B608-909A14DB6045}"
EndProject
Project("{9A19103F-16F7-4668-BE54-9A1E7A4F7556}") = "MVP", "MVP\MVP.csproj", "{353B2855-9E1F-462A-948C-AF702B028998}"
EndProject
Project("{9A19103F-16F7-4668-BE54-9A1E7A4F7556}") = "Repository", "Repository\Repository.csproj", "{A0C219E0-F42D-40CF-A65D-8350BA970BB3}"
EndProject
Project("{9A19103F-16F7-4668-BE54-9A1E7A4F7556}") = "NullObject", "NullObject\NullObject.csproj", "{11E35EC4-D6B9-4089-BB0B-BA38B89DCD71}"
EndProject
Project("{9A19103F-16F7-4668-BE54-9A1E7A4F7556}") = "Optional", "Optional\Optional.csproj", "{A712BB12-6276-4186-9D34-A75A9969A7A0}"
EndProject
Project("{9A19103F-16F7-4668-BE54-9A1E7A4F7556}") = "ServiceLocator", "ServiceLocator\ServiceLocator.csproj", "{33F51D90-BE4A-4FFF-A2A4-A4AC4E161069}"
EndProject
Project("{9A19103F-16F7-4668-BE54-9A1E7A4F7556}") = "PubSubPattern", "PubSubPattern\PubSubPattern.csproj", "{6B33FBDD-8B1B-427D-8951-CECF976E2F82}"
EndProject
Project("{9A19103F-16F7-4668-BE54-9A1E7A4F7556}") = "Strategy", "Strategy\Strategy.csproj", "{FE247942-821C-42F7-9A7A-93B24CD4B566}"
EndProject
Project("{FAE04EC0-301F-11D3-BF4B-00C04F79EFBC}") = "MVVM", "MVVM\MVVM.csproj", "{B88027D1-FD36-4AA4-8FE3-1803A15C3EF2}"
EndProject
Global
	GlobalSection(SolutionConfigurationPlatforms) = preSolution
		Debug|Any CPU = Debug|Any CPU
		Release|Any CPU = Release|Any CPU
	EndGlobalSection
	GlobalSection(ProjectConfigurationPlatforms) = postSolution
		{CA8F403B-B3AA-4770-BBD7-35D18CC9D0E7}.Debug|Any CPU.ActiveCfg = Debug|Any CPU
		{CA8F403B-B3AA-4770-BBD7-35D18CC9D0E7}.Debug|Any CPU.Build.0 = Debug|Any CPU
		{CA8F403B-B3AA-4770-BBD7-35D18CC9D0E7}.Release|Any CPU.ActiveCfg = Release|Any CPU
		{CA8F403B-B3AA-4770-BBD7-35D18CC9D0E7}.Release|Any CPU.Build.0 = Release|Any CPU
		{24912C4C-DB52-406E-88C8-0E2C37CAD67C}.Debug|Any CPU.ActiveCfg = Debug|Any CPU
		{24912C4C-DB52-406E-88C8-0E2C37CAD67C}.Debug|Any CPU.Build.0 = Debug|Any CPU
		{24912C4C-DB52-406E-88C8-0E2C37CAD67C}.Release|Any CPU.ActiveCfg = Release|Any CPU
		{24912C4C-DB52-406E-88C8-0E2C37CAD67C}.Release|Any CPU.Build.0 = Release|Any CPU
		{FDA85D75-D2AE-4F20-B128-3EB1C80AB452}.Debug|Any CPU.ActiveCfg = Debug|Any CPU
		{FDA85D75-D2AE-4F20-B128-3EB1C80AB452}.Debug|Any CPU.Build.0 = Debug|Any CPU
		{FDA85D75-D2AE-4F20-B128-3EB1C80AB452}.Release|Any CPU.ActiveCfg = Release|Any CPU
		{FDA85D75-D2AE-4F20-B128-3EB1C80AB452}.Release|Any CPU.Build.0 = Release|Any CPU
		{E3F404FD-0DF1-4FDA-83DA-7037EF7CB9D6}.Debug|Any CPU.ActiveCfg = Debug|Any CPU
		{E3F404FD-0DF1-4FDA-83DA-7037EF7CB9D6}.Debug|Any CPU.Build.0 = Debug|Any CPU
		{E3F404FD-0DF1-4FDA-83DA-7037EF7CB9D6}.Release|Any CPU.ActiveCfg = Release|Any CPU
		{E3F404FD-0DF1-4FDA-83DA-7037EF7CB9D6}.Release|Any CPU.Build.0 = Release|Any CPU
		{E5E5E389-659E-4ADC-9006-C90997FA4807}.Debug|Any CPU.ActiveCfg = Debug|Any CPU
		{E5E5E389-659E-4ADC-9006-C90997FA4807}.Debug|Any CPU.Build.0 = Debug|Any CPU
		{E5E5E389-659E-4ADC-9006-C90997FA4807}.Release|Any CPU.ActiveCfg = Release|Any CPU
		{E5E5E389-659E-4ADC-9006-C90997FA4807}.Release|Any CPU.Build.0 = Release|Any CPU
		{1E843B24-EDF1-4BF2-8E48-579622842BBF}.Debug|Any CPU.ActiveCfg = Debug|Any CPU
		{1E843B24-EDF1-4BF2-8E48-579622842BBF}.Debug|Any CPU.Build.0 = Debug|Any CPU
		{1E843B24-EDF1-4BF2-8E48-579622842BBF}.Release|Any CPU.ActiveCfg = Release|Any CPU
		{1E843B24-EDF1-4BF2-8E48-579622842BBF}.Release|Any CPU.Build.0 = Release|Any CPU
		{D03C38A9-343F-41E2-8965-B7002D0348AB}.Debug|Any CPU.ActiveCfg = Debug|Any CPU
		{D03C38A9-343F-41E2-8965-B7002D0348AB}.Debug|Any CPU.Build.0 = Debug|Any CPU
		{D03C38A9-343F-41E2-8965-B7002D0348AB}.Release|Any CPU.ActiveCfg = Release|Any CPU
		{D03C38A9-343F-41E2-8965-B7002D0348AB}.Release|Any CPU.Build.0 = Release|Any CPU
		{49453CD4-37F0-443B-B65A-41C45773C982}.Debug|Any CPU.ActiveCfg = Debug|Any CPU
		{49453CD4-37F0-443B-B65A-41C45773C982}.Debug|Any CPU.Build.0 = Debug|Any CPU
		{49453CD4-37F0-443B-B65A-41C45773C982}.Release|Any CPU.ActiveCfg = Release|Any CPU
		{49453CD4-37F0-443B-B65A-41C45773C982}.Release|Any CPU.Build.0 = Release|Any CPU
		{DA3FE146-3C3C-4374-8F09-70B9E4B34FB5}.Debug|Any CPU.ActiveCfg = Debug|Any CPU
		{DA3FE146-3C3C-4374-8F09-70B9E4B34FB5}.Debug|Any CPU.Build.0 = Debug|Any CPU
		{DA3FE146-3C3C-4374-8F09-70B9E4B34FB5}.Release|Any CPU.ActiveCfg = Release|Any CPU
		{DA3FE146-3C3C-4374-8F09-70B9E4B34FB5}.Release|Any CPU.Build.0 = Release|Any CPU
		{CA85422F-C8EB-4F86-AF56-62FE892C172D}.Debug|Any CPU.ActiveCfg = Debug|Any CPU
		{CA85422F-C8EB-4F86-AF56-62FE892C172D}.Debug|Any CPU.Build.0 = Debug|Any CPU
		{CA85422F-C8EB-4F86-AF56-62FE892C172D}.Release|Any CPU.ActiveCfg = Release|Any CPU
		{CA85422F-C8EB-4F86-AF56-62FE892C172D}.Release|Any CPU.Build.0 = Release|Any CPU
		{F43D03B6-8059-4FE5-AD9A-0BECB70D7E68}.Debug|Any CPU.ActiveCfg = Debug|Any CPU
		{F43D03B6-8059-4FE5-AD9A-0BECB70D7E68}.Debug|Any CPU.Build.0 = Debug|Any CPU
		{F43D03B6-8059-4FE5-AD9A-0BECB70D7E68}.Release|Any CPU.ActiveCfg = Release|Any CPU
		{F43D03B6-8059-4FE5-AD9A-0BECB70D7E68}.Release|Any CPU.Build.0 = Release|Any CPU
		{80F4C001-8A52-4CC4-B55A-792C06CE4322}.Debug|Any CPU.ActiveCfg = Debug|Any CPU
		{80F4C001-8A52-4CC4-B55A-792C06CE4322}.Debug|Any CPU.Build.0 = Debug|Any CPU
		{80F4C001-8A52-4CC4-B55A-792C06CE4322}.Release|Any CPU.ActiveCfg = Release|Any CPU
		{80F4C001-8A52-4CC4-B55A-792C06CE4322}.Release|Any CPU.Build.0 = Release|Any CPU
		{7C776114-1542-4FB5-AB93-BFA59C173C7D}.Debug|Any CPU.ActiveCfg = Debug|Any CPU
		{7C776114-1542-4FB5-AB93-BFA59C173C7D}.Debug|Any CPU.Build.0 = Debug|Any CPU
		{7C776114-1542-4FB5-AB93-BFA59C173C7D}.Release|Any CPU.ActiveCfg = Release|Any CPU
		{7C776114-1542-4FB5-AB93-BFA59C173C7D}.Release|Any CPU.Build.0 = Release|Any CPU
		{E2BDC704-F84B-4451-AE6C-8DD36362CF59}.Debug|Any CPU.ActiveCfg = Debug|Any CPU
		{E2BDC704-F84B-4451-AE6C-8DD36362CF59}.Debug|Any CPU.Build.0 = Debug|Any CPU
		{E2BDC704-F84B-4451-AE6C-8DD36362CF59}.Release|Any CPU.ActiveCfg = Release|Any CPU
		{E2BDC704-F84B-4451-AE6C-8DD36362CF59}.Release|Any CPU.Build.0 = Release|Any CPU
		{48EEDF64-47BF-4616-A82C-3DF85A192591}.Debug|Any CPU.ActiveCfg = Debug|Any CPU
		{48EEDF64-47BF-4616-A82C-3DF85A192591}.Debug|Any CPU.Build.0 = Debug|Any CPU
		{48EEDF64-47BF-4616-A82C-3DF85A192591}.Release|Any CPU.ActiveCfg = Release|Any CPU
		{48EEDF64-47BF-4616-A82C-3DF85A192591}.Release|Any CPU.Build.0 = Release|Any CPU
		{E8ACC8D5-65BD-449A-9BC2-41B19B3CB626}.Debug|Any CPU.ActiveCfg = Debug|Any CPU
		{E8ACC8D5-65BD-449A-9BC2-41B19B3CB626}.Debug|Any CPU.Build.0 = Debug|Any CPU
		{E8ACC8D5-65BD-449A-9BC2-41B19B3CB626}.Release|Any CPU.ActiveCfg = Release|Any CPU
		{E8ACC8D5-65BD-449A-9BC2-41B19B3CB626}.Release|Any CPU.Build.0 = Release|Any CPU
		{7206F760-520D-4189-AE50-34D8525E5D53}.Debug|Any CPU.ActiveCfg = Debug|Any CPU
		{7206F760-520D-4189-AE50-34D8525E5D53}.Debug|Any CPU.Build.0 = Debug|Any CPU
		{7206F760-520D-4189-AE50-34D8525E5D53}.Release|Any CPU.ActiveCfg = Release|Any CPU
		{7206F760-520D-4189-AE50-34D8525E5D53}.Release|Any CPU.Build.0 = Release|Any CPU
		{5E119743-A384-4FF4-A419-105EF6049172}.Debug|Any CPU.ActiveCfg = Debug|Any CPU
		{5E119743-A384-4FF4-A419-105EF6049172}.Debug|Any CPU.Build.0 = Debug|Any CPU
		{5E119743-A384-4FF4-A419-105EF6049172}.Release|Any CPU.ActiveCfg = Release|Any CPU
		{5E119743-A384-4FF4-A419-105EF6049172}.Release|Any CPU.Build.0 = Release|Any CPU
		{36E16878-A1DF-41BF-A1B7-2CC35B175A98}.Debug|Any CPU.ActiveCfg = Debug|Any CPU
		{36E16878-A1DF-41BF-A1B7-2CC35B175A98}.Debug|Any CPU.Build.0 = Debug|Any CPU
		{36E16878-A1DF-41BF-A1B7-2CC35B175A98}.Release|Any CPU.ActiveCfg = Release|Any CPU
		{36E16878-A1DF-41BF-A1B7-2CC35B175A98}.Release|Any CPU.Build.0 = Release|Any CPU
		{0D205DC1-253B-4E6A-A38F-E473E0C7906D}.Debug|Any CPU.ActiveCfg = Debug|Any CPU
		{0D205DC1-253B-4E6A-A38F-E473E0C7906D}.Debug|Any CPU.Build.0 = Debug|Any CPU
		{0D205DC1-253B-4E6A-A38F-E473E0C7906D}.Release|Any CPU.ActiveCfg = Release|Any CPU
		{0D205DC1-253B-4E6A-A38F-E473E0C7906D}.Release|Any CPU.Build.0 = Release|Any CPU
		{4C0E9FF8-1771-407B-8EF7-1F8424C83F1F}.Debug|Any CPU.ActiveCfg = Debug|Any CPU
		{4C0E9FF8-1771-407B-8EF7-1F8424C83F1F}.Debug|Any CPU.Build.0 = Debug|Any CPU
		{4C0E9FF8-1771-407B-8EF7-1F8424C83F1F}.Release|Any CPU.ActiveCfg = Release|Any CPU
		{4C0E9FF8-1771-407B-8EF7-1F8424C83F1F}.Release|Any CPU.Build.0 = Release|Any CPU
		{24C61F6D-11A6-456F-B746-F7405AF6B07E}.Debug|Any CPU.ActiveCfg = Debug|Any CPU
		{24C61F6D-11A6-456F-B746-F7405AF6B07E}.Debug|Any CPU.Build.0 = Debug|Any CPU
		{24C61F6D-11A6-456F-B746-F7405AF6B07E}.Release|Any CPU.ActiveCfg = Release|Any CPU
		{24C61F6D-11A6-456F-B746-F7405AF6B07E}.Release|Any CPU.Build.0 = Release|Any CPU
		{B8D487E2-B78C-4F61-BE80-C7DD7107CCDC}.Debug|Any CPU.ActiveCfg = Debug|Any CPU
		{B8D487E2-B78C-4F61-BE80-C7DD7107CCDC}.Debug|Any CPU.Build.0 = Debug|Any CPU
		{B8D487E2-B78C-4F61-BE80-C7DD7107CCDC}.Release|Any CPU.ActiveCfg = Release|Any CPU
		{B8D487E2-B78C-4F61-BE80-C7DD7107CCDC}.Release|Any CPU.Build.0 = Release|Any CPU
		{F4E4EB38-2CFA-40C3-B608-909A14DB6045}.Debug|Any CPU.ActiveCfg = Debug|Any CPU
		{F4E4EB38-2CFA-40C3-B608-909A14DB6045}.Debug|Any CPU.Build.0 = Debug|Any CPU
		{F4E4EB38-2CFA-40C3-B608-909A14DB6045}.Release|Any CPU.ActiveCfg = Release|Any CPU
		{F4E4EB38-2CFA-40C3-B608-909A14DB6045}.Release|Any CPU.Build.0 = Release|Any CPU
		{353B2855-9E1F-462A-948C-AF702B028998}.Debug|Any CPU.ActiveCfg = Debug|Any CPU
		{353B2855-9E1F-462A-948C-AF702B028998}.Debug|Any CPU.Build.0 = Debug|Any CPU
		{353B2855-9E1F-462A-948C-AF702B028998}.Release|Any CPU.ActiveCfg = Release|Any CPU
		{353B2855-9E1F-462A-948C-AF702B028998}.Release|Any CPU.Build.0 = Release|Any CPU
		{A0C219E0-F42D-40CF-A65D-8350BA970BB3}.Debug|Any CPU.ActiveCfg = Debug|Any CPU
		{A0C219E0-F42D-40CF-A65D-8350BA970BB3}.Debug|Any CPU.Build.0 = Debug|Any CPU
		{A0C219E0-F42D-40CF-A65D-8350BA970BB3}.Release|Any CPU.ActiveCfg = Release|Any CPU
		{A0C219E0-F42D-40CF-A65D-8350BA970BB3}.Release|Any CPU.Build.0 = Release|Any CPU
		{11E35EC4-D6B9-4089-BB0B-BA38B89DCD71}.Debug|Any CPU.ActiveCfg = Debug|Any CPU
		{11E35EC4-D6B9-4089-BB0B-BA38B89DCD71}.Debug|Any CPU.Build.0 = Debug|Any CPU
		{11E35EC4-D6B9-4089-BB0B-BA38B89DCD71}.Release|Any CPU.ActiveCfg = Release|Any CPU
		{11E35EC4-D6B9-4089-BB0B-BA38B89DCD71}.Release|Any CPU.Build.0 = Release|Any CPU
		{A712BB12-6276-4186-9D34-A75A9969A7A0}.Debug|Any CPU.ActiveCfg = Debug|Any CPU
		{A712BB12-6276-4186-9D34-A75A9969A7A0}.Debug|Any CPU.Build.0 = Debug|Any CPU
		{A712BB12-6276-4186-9D34-A75A9969A7A0}.Release|Any CPU.ActiveCfg = Release|Any CPU
		{A712BB12-6276-4186-9D34-A75A9969A7A0}.Release|Any CPU.Build.0 = Release|Any CPU
		{33F51D90-BE4A-4FFF-A2A4-A4AC4E161069}.Debug|Any CPU.ActiveCfg = Debug|Any CPU
		{33F51D90-BE4A-4FFF-A2A4-A4AC4E161069}.Debug|Any CPU.Build.0 = Debug|Any CPU
		{33F51D90-BE4A-4FFF-A2A4-A4AC4E161069}.Release|Any CPU.ActiveCfg = Release|Any CPU
		{33F51D90-BE4A-4FFF-A2A4-A4AC4E161069}.Release|Any CPU.Build.0 = Release|Any CPU
		{6B33FBDD-8B1B-427D-8951-CECF976E2F82}.Debug|Any CPU.ActiveCfg = Debug|Any CPU
		{6B33FBDD-8B1B-427D-8951-CECF976E2F82}.Debug|Any CPU.Build.0 = Debug|Any CPU
		{6B33FBDD-8B1B-427D-8951-CECF976E2F82}.Release|Any CPU.ActiveCfg = Release|Any CPU
		{6B33FBDD-8B1B-427D-8951-CECF976E2F82}.Release|Any CPU.Build.0 = Release|Any CPU
		{FE247942-821C-42F7-9A7A-93B24CD4B566}.Debug|Any CPU.ActiveCfg = Debug|Any CPU
		{FE247942-821C-42F7-9A7A-93B24CD4B566}.Debug|Any CPU.Build.0 = Debug|Any CPU
		{FE247942-821C-42F7-9A7A-93B24CD4B566}.Release|Any CPU.ActiveCfg = Release|Any CPU
		{FE247942-821C-42F7-9A7A-93B24CD4B566}.Release|Any CPU.Build.0 = Release|Any CPU
		{B88027D1-FD36-4AA4-8FE3-1803A15C3EF2}.Debug|Any CPU.ActiveCfg = Debug|Any CPU
		{B88027D1-FD36-4AA4-8FE3-1803A15C3EF2}.Debug|Any CPU.Build.0 = Debug|Any CPU
		{B88027D1-FD36-4AA4-8FE3-1803A15C3EF2}.Release|Any CPU.ActiveCfg = Release|Any CPU
		{B88027D1-FD36-4AA4-8FE3-1803A15C3EF2}.Release|Any CPU.Build.0 = Release|Any CPU
	EndGlobalSection
	GlobalSection(SolutionProperties) = preSolution
		HideSolutionNode = FALSE
	EndGlobalSection
	GlobalSection(ExtensibilityGlobals) = postSolution
		SolutionGuid = {69EE1D1E-CD2E-4AC0-A0A7-F1F4EB05A632}
	EndGlobalSection
EndGlobal
